
Microsoft Visual Studio Solution File, Format Version 12.00
# Visual Studio 15
VisualStudioVersion = 15.0.28010.2026
MinimumVisualStudioVersion = 10.0.40219.1
Project("{FAE04EC0-301F-11D3-BF4B-00C04F79EFBC}") = "TourApp", "TourApp\TourApp.csproj", "{C5FF25E3-9809-4458-B3AC-F38943A3A25E}"
EndProject
Global
	GlobalSection(SolutionConfigurationPlatforms) = preSolution
		Debug|Any CPU = Debug|Any CPU
		Release|Any CPU = Release|Any CPU
	EndGlobalSection
	GlobalSection(ProjectConfigurationPlatforms) = postSolution
		{C5FF25E3-9809-4458-B3AC-F38943A3A25E}.Debug|Any CPU.ActiveCfg = Debug|Any CPU
		{C5FF25E3-9809-4458-B3AC-F38943A3A25E}.Debug|Any CPU.Build.0 = Debug|Any CPU
		{C5FF25E3-9809-4458-B3AC-F38943A3A25E}.Release|Any CPU.ActiveCfg = Release|Any CPU
		{C5FF25E3-9809-4458-B3AC-F38943A3A25E}.Release|Any CPU.Build.0 = Release|Any CPU
	EndGlobalSection
	GlobalSection(SolutionProperties) = preSolution
		HideSolutionNode = FALSE
	EndGlobalSection
	GlobalSection(ExtensibilityGlobals) = postSolution
		SolutionGuid = {AEF38830-76A5-4DD0-AA38-CBA65F09E272}
	EndGlobalSection
EndGlobal
